
Microsoft Visual Studio Solution File, Format Version 12.00
# Visual Studio 2012
Project("{FAE04EC0-301F-11D3-BF4B-00C04F79EFBC}") = "QuickStart", "QuickStart\QuickStart.csproj", "{F4801602-5D07-41CD-80C9-7578E66A60F3}"
EndProject
Global
	GlobalSection(SolutionConfigurationPlatforms) = preSolution
		Debug|ARM = Debug|ARM
		Debug|x86 = Debug|x86
		Release|ARM = Release|ARM
		Release|x86 = Release|x86
	EndGlobalSection
	GlobalSection(ProjectConfigurationPlatforms) = postSolution
		{F4801602-5D07-41CD-80C9-7578E66A60F3}.Debug|ARM.ActiveCfg = Debug|ARM
		{F4801602-5D07-41CD-80C9-7578E66A60F3}.Debug|ARM.Build.0 = Debug|ARM
		{F4801602-5D07-41CD-80C9-7578E66A60F3}.Debug|ARM.Deploy.0 = Debug|ARM
		{F4801602-5D07-41CD-80C9-7578E66A60F3}.Debug|x86.ActiveCfg = Debug|x86
		{F4801602-5D07-41CD-80C9-7578E66A60F3}.Debug|x86.Build.0 = Debug|x86
		{F4801602-5D07-41CD-80C9-7578E66A60F3}.Debug|x86.Deploy.0 = Debug|x86
		{F4801602-5D07-41CD-80C9-7578E66A60F3}.Release|ARM.ActiveCfg = Release|ARM
		{F4801602-5D07-41CD-80C9-7578E66A60F3}.Release|ARM.Build.0 = Release|ARM
		{F4801602-5D07-41CD-80C9-7578E66A60F3}.Release|ARM.Deploy.0 = Release|ARM
		{F4801602-5D07-41CD-80C9-7578E66A60F3}.Release|x86.ActiveCfg = Release|x86
		{F4801602-5D07-41CD-80C9-7578E66A60F3}.Release|x86.Build.0 = Release|x86
		{F4801602-5D07-41CD-80C9-7578E66A60F3}.Release|x86.Deploy.0 = Release|x86
	EndGlobalSection
	GlobalSection(SolutionProperties) = preSolution
		HideSolutionNode = FALSE
	EndGlobalSection
EndGlobal
